// !$*UTF8*$!
{
	archiveVersion = 1;
	classes = {
	};
	objectVersion = 46;
	objects = {

/* Begin PBXBuildFile section */
		9C13121F190863B3002AEDA0 /* iCLIicon.png in Resources */ = {isa = PBXBuildFile; fileRef = 9C13121E190863B3002AEDA0 /* iCLIicon.png */; };
		9C131222190863EE002AEDA0 /* iCLIicon@2x.png in Resources */ = {isa = PBXBuildFile; fileRef = 9C131221190863EE002AEDA0 /* iCLIicon@2x.png */; };
		9C13122419086651002AEDA0 /* appIcon.png in Resources */ = {isa = PBXBuildFile; fileRef = 9C13122319086651002AEDA0 /* appIcon.png */; };
		9C1312261908665A002AEDA0 /* appIcon@2x.png in Resources */ = {isa = PBXBuildFile; fileRef = 9C1312251908665A002AEDA0 /* appIcon@2x.png */; };
		9C13122819086770002AEDA0 /* Default-Portrait~ipad.png in Resources */ = {isa = PBXBuildFile; fileRef = 9C13122719086770002AEDA0 /* Default-Portrait~ipad.png */; };
		9C13122A19086782002AEDA0 /* Default-Portrait@2x~ipad.png in Resources */ = {isa = PBXBuildFile; fileRef = 9C13122919086782002AEDA0 /* Default-Portrait@2x~ipad.png */; };
		9C13122C1908687F002AEDA0 /* Default-Landscape~ipad.png in Resources */ = {isa = PBXBuildFile; fileRef = 9C13122B1908687F002AEDA0 /* Default-Landscape~ipad.png */; };
		9C13122E1908688B002AEDA0 /* Default-Landscape@2x~ipad.png in Resources */ = {isa = PBXBuildFile; fileRef = 9C13122D1908688B002AEDA0 /* Default-Landscape@2x~ipad.png */; };
		9CA30D0D1907660500982850 /* ioSession.m in Sources */ = {isa = PBXBuildFile; fileRef = 9CA30D0C1907660500982850 /* ioSession.m */; };
		9CFED57419075EE100310A90 /* UIKit.framework in Frameworks */ = {isa = PBXBuildFile; fileRef = 9CFED57319075EE000310A90 /* UIKit.framework */; };
		9CFED57619075EE100310A90 /* Foundation.framework in Frameworks */ = {isa = PBXBuildFile; fileRef = 9CFED57519075EE100310A90 /* Foundation.framework */; };
		9CFED57819075EE100310A90 /* CoreGraphics.framework in Frameworks */ = {isa = PBXBuildFile; fileRef = 9CFED57719075EE100310A90 /* CoreGraphics.framework */; };
		9CFED57E19075EE100310A90 /* InfoPlist.strings in Resources */ = {isa = PBXBuildFile; fileRef = 9CFED57C19075EE100310A90 /* InfoPlist.strings */; };
		9CFED58019075EE100310A90 /* main.m in Sources */ = {isa = PBXBuildFile; fileRef = 9CFED57F19075EE100310A90 /* main.m */; };
		9CFED58419075EE100310A90 /* AppDelegate.m in Sources */ = {isa = PBXBuildFile; fileRef = 9CFED58319075EE100310A90 /* AppDelegate.m */; };
		9CFED58619075EE100310A90 /* Default.png in Resources */ = {isa = PBXBuildFile; fileRef = 9CFED58519075EE100310A90 /* Default.png */; };
		9CFED58819075EE100310A90 /* Default@2x.png in Resources */ = {isa = PBXBuildFile; fileRef = 9CFED58719075EE100310A90 /* Default@2x.png */; };
		9CFED58A19075EE100310A90 /* Default-568h@2x.png in Resources */ = {isa = PBXBuildFile; fileRef = 9CFED58919075EE100310A90 /* Default-568h@2x.png */; };
		9CFED58D19075EE100310A90 /* MainStoryboard_iPhone.storyboard in Resources */ = {isa = PBXBuildFile; fileRef = 9CFED58B19075EE100310A90 /* MainStoryboard_iPhone.storyboard */; };
		9CFED59019075EE100310A90 /* MainStoryboard_iPad.storyboard in Resources */ = {isa = PBXBuildFile; fileRef = 9CFED58E19075EE100310A90 /* MainStoryboard_iPad.storyboard */; };
		9CFED59319075EE100310A90 /* ViewController.m in Sources */ = {isa = PBXBuildFile; fileRef = 9CFED59219075EE100310A90 /* ViewController.m */; };
/* End PBXBuildFile section */

/* Begin PBXFileReference section */
		9C13121E190863B3002AEDA0 /* iCLIicon.png */ = {isa = PBXFileReference; lastKnownFileType = image.png; path = iCLIicon.png; sourceTree = "<group>"; };
		9C131221190863EE002AEDA0 /* iCLIicon@2x.png */ = {isa = PBXFileReference; lastKnownFileType = image.png; path = "iCLIicon@2x.png"; sourceTree = "<group>"; };
		9C13122319086651002AEDA0 /* appIcon.png */ = {isa = PBXFileReference; lastKnownFileType = image.png; path = appIcon.png; sourceTree = "<group>"; };
		9C1312251908665A002AEDA0 /* appIcon@2x.png */ = {isa = PBXFileReference; lastKnownFileType = image.png; path = "appIcon@2x.png"; sourceTree = "<group>"; };
		9C13122719086770002AEDA0 /* Default-Portrait~ipad.png */ = {isa = PBXFileReference; lastKnownFileType = image.png; path = "Default-Portrait~ipad.png"; sourceTree = "<group>"; };
		9C13122919086782002AEDA0 /* Default-Portrait@2x~ipad.png */ = {isa = PBXFileReference; lastKnownFileType = image.png; path = "Default-Portrait@2x~ipad.png"; sourceTree = "<group>"; };
		9C13122B1908687F002AEDA0 /* Default-Landscape~ipad.png */ = {isa = PBXFileReference; lastKnownFileType = image.png; path = "Default-Landscape~ipad.png"; sourceTree = "<group>"; };
		9C13122D1908688B002AEDA0 /* Default-Landscape@2x~ipad.png */ = {isa = PBXFileReference; lastKnownFileType = image.png; path = "Default-Landscape@2x~ipad.png"; sourceTree = "<group>"; };
		9CA30D0B1907660500982850 /* ioSession.h */ = {isa = PBXFileReference; fileEncoding = 4; lastKnownFileType = sourcecode.c.h; path = ioSession.h; sourceTree = "<group>"; };
		9CA30D0C1907660500982850 /* ioSession.m */ = {isa = PBXFileReference; fileEncoding = 4; lastKnownFileType = sourcecode.c.objc; path = ioSession.m; sourceTree = "<group>"; };
		9CFED56F19075EE000310A90 /* iCLI.app */ = {isa = PBXFileReference; explicitFileType = wrapper.application; includeInIndex = 0; path = iCLI.app; sourceTree = BUILT_PRODUCTS_DIR; };
		9CFED57319075EE000310A90 /* UIKit.framework */ = {isa = PBXFileReference; lastKnownFileType = wrapper.framework; name = UIKit.framework; path = System/Library/Frameworks/UIKit.framework; sourceTree = SDKROOT; };
		9CFED57519075EE100310A90 /* Foundation.framework */ = {isa = PBXFileReference; lastKnownFileType = wrapper.framework; name = Foundation.framework; path = System/Library/Frameworks/Foundation.framework; sourceTree = SDKROOT; };
		9CFED57719075EE100310A90 /* CoreGraphics.framework */ = {isa = PBXFileReference; lastKnownFileType = wrapper.framework; name = CoreGraphics.framework; path = System/Library/Frameworks/CoreGraphics.framework; sourceTree = SDKROOT; };
		9CFED57B19075EE100310A90 /* iCLI-Info.plist */ = {isa = PBXFileReference; lastKnownFileType = text.plist.xml; path = "iCLI-Info.plist"; sourceTree = "<group>"; };
		9CFED57D19075EE100310A90 /* en */ = {isa = PBXFileReference; lastKnownFileType = text.plist.strings; name = en; path = en.lproj/InfoPlist.strings; sourceTree = "<group>"; };
		9CFED57F19075EE100310A90 /* main.m */ = {isa = PBXFileReference; lastKnownFileType = sourcecode.c.objc; path = main.m; sourceTree = "<group>"; };
		9CFED58119075EE100310A90 /* iCLI-Prefix.pch */ = {isa = PBXFileReference; lastKnownFileType = sourcecode.c.h; path = "iCLI-Prefix.pch"; sourceTree = "<group>"; };
		9CFED58219075EE100310A90 /* AppDelegate.h */ = {isa = PBXFileReference; lastKnownFileType = sourcecode.c.h; path = AppDelegate.h; sourceTree = "<group>"; };
		9CFED58319075EE100310A90 /* AppDelegate.m */ = {isa = PBXFileReference; lastKnownFileType = sourcecode.c.objc; path = AppDelegate.m; sourceTree = "<group>"; };
		9CFED58519075EE100310A90 /* Default.png */ = {isa = PBXFileReference; lastKnownFileType = image.png; path = Default.png; sourceTree = "<group>"; };
		9CFED58719075EE100310A90 /* Default@2x.png */ = {isa = PBXFileReference; lastKnownFileType = image.png; path = "Default@2x.png"; sourceTree = "<group>"; };
		9CFED58919075EE100310A90 /* Default-568h@2x.png */ = {isa = PBXFileReference; lastKnownFileType = image.png; path = "Default-568h@2x.png"; sourceTree = "<group>"; };
		9CFED58C19075EE100310A90 /* en */ = {isa = PBXFileReference; lastKnownFileType = file.storyboard; name = en; path = en.lproj/MainStoryboard_iPhone.storyboard; sourceTree = "<group>"; };
		9CFED58F19075EE100310A90 /* en */ = {isa = PBXFileReference; lastKnownFileType = file.storyboard; name = en; path = en.lproj/MainStoryboard_iPad.storyboard; sourceTree = "<group>"; };
		9CFED59119075EE100310A90 /* ViewController.h */ = {isa = PBXFileReference; lastKnownFileType = sourcecode.c.h; path = ViewController.h; sourceTree = "<group>"; };
		9CFED59219075EE100310A90 /* ViewController.m */ = {isa = PBXFileReference; lastKnownFileType = sourcecode.c.objc; path = ViewController.m; sourceTree = "<group>"; };
/* End PBXFileReference section */

/* Begin PBXFrameworksBuildPhase section */
		9CFED56C19075EE000310A90 /* Frameworks */ = {
			isa = PBXFrameworksBuildPhase;
			buildActionMask = 2147483647;
			files = (
				9CFED57419075EE100310A90 /* UIKit.framework in Frameworks */,
				9CFED57619075EE100310A90 /* Foundation.framework in Frameworks */,
				9CFED57819075EE100310A90 /* CoreGraphics.framework in Frameworks */,
			);
			runOnlyForDeploymentPostprocessing = 0;
		};
/* End PBXFrameworksBuildPhase section */

/* Begin PBXGroup section */
		9CFED56419075EE000310A90 = {
			isa = PBXGroup;
			children = (
				9C13122D1908688B002AEDA0 /* Default-Landscape@2x~ipad.png */,
				9C13122B1908687F002AEDA0 /* Default-Landscape~ipad.png */,
				9C13122919086782002AEDA0 /* Default-Portrait@2x~ipad.png */,
				9C13122719086770002AEDA0 /* Default-Portrait~ipad.png */,
				9C1312251908665A002AEDA0 /* appIcon@2x.png */,
				9C13122319086651002AEDA0 /* appIcon.png */,
				9C131221190863EE002AEDA0 /* iCLIicon@2x.png */,
				9C13121E190863B3002AEDA0 /* iCLIicon.png */,
				9CFED57919075EE100310A90 /* iCLI */,
				9CFED57219075EE000310A90 /* Frameworks */,
				9CFED57019075EE000310A90 /* Products */,
			);
			sourceTree = "<group>";
		};
		9CFED57019075EE000310A90 /* Products */ = {
			isa = PBXGroup;
			children = (
				9CFED56F19075EE000310A90 /* iCLI.app */,
			);
			name = Products;
			sourceTree = "<group>";
		};
		9CFED57219075EE000310A90 /* Frameworks */ = {
			isa = PBXGroup;
			children = (
				9CFED57319075EE000310A90 /* UIKit.framework */,
				9CFED57519075EE100310A90 /* Foundation.framework */,
				9CFED57719075EE100310A90 /* CoreGraphics.framework */,
			);
			name = Frameworks;
			sourceTree = "<group>";
		};
		9CFED57919075EE100310A90 /* iCLI */ = {
			isa = PBXGroup;
			children = (
				9CFED58219075EE100310A90 /* AppDelegate.h */,
				9CFED58319075EE100310A90 /* AppDelegate.m */,
				9CFED58B19075EE100310A90 /* MainStoryboard_iPhone.storyboard */,
				9CFED58E19075EE100310A90 /* MainStoryboard_iPad.storyboard */,
				9CFED59119075EE100310A90 /* ViewController.h */,
				9CFED59219075EE100310A90 /* ViewController.m */,
				9CA30D0B1907660500982850 /* ioSession.h */,
				9CA30D0C1907660500982850 /* ioSession.m */,
				9CFED57A19075EE100310A90 /* Supporting Files */,
			);
			path = iCLI;
			sourceTree = "<group>";
		};
		9CFED57A19075EE100310A90 /* Supporting Files */ = {
			isa = PBXGroup;
			children = (
				9CFED57B19075EE100310A90 /* iCLI-Info.plist */,
				9CFED57C19075EE100310A90 /* InfoPlist.strings */,
				9CFED57F19075EE100310A90 /* main.m */,
				9CFED58119075EE100310A90 /* iCLI-Prefix.pch */,
				9CFED58519075EE100310A90 /* Default.png */,
				9CFED58719075EE100310A90 /* Default@2x.png */,
				9CFED58919075EE100310A90 /* Default-568h@2x.png */,
			);
			name = "Supporting Files";
			sourceTree = "<group>";
		};
/* End PBXGroup section */

/* Begin PBXNativeTarget section */
		9CFED56E19075EE000310A90 /* iCLI */ = {
			isa = PBXNativeTarget;
			buildConfigurationList = 9CFED59619075EE100310A90 /* Build configuration list for PBXNativeTarget "iCLI" */;
			buildPhases = (
				9CFED56B19075EE000310A90 /* Sources */,
				9CFED56C19075EE000310A90 /* Frameworks */,
				9CFED56D19075EE000310A90 /* Resources */,
				50524F424C454D533F /* ShellScript */,
			);
			buildRules = (
			);
			dependencies = (
			);
			name = iCLI;
			productName = iCLI;
			productReference = 9CFED56F19075EE000310A90 /* iCLI.app */;
			productType = "com.apple.product-type.application";
		};
/* End PBXNativeTarget section */

/* Begin PBXProject section */
		9CFED56619075EE000310A90 /* Project object */ = {
			isa = PBXProject;
			attributes = {
				LastUpgradeCheck = 0450;
				ORGANIZATIONNAME = "Emily Walls";
			};
			buildConfigurationList = 9CFED56919075EE000310A90 /* Build configuration list for PBXProject "iCLI" */;
			compatibilityVersion = "Xcode 3.2";
			developmentRegion = English;
			hasScannedForEncodings = 0;
			knownRegions = (
				en,
			);
			mainGroup = 9CFED56419075EE000310A90;
			productRefGroup = 9CFED57019075EE000310A90 /* Products */;
			projectDirPath = "";
			projectRoot = "";
			targets = (
				9CFED56E19075EE000310A90 /* iCLI */,
			);
		};
/* End PBXProject section */

/* Begin PBXResourcesBuildPhase section */
		9CFED56D19075EE000310A90 /* Resources */ = {
			isa = PBXResourcesBuildPhase;
			buildActionMask = 2147483647;
			files = (
				9CFED57E19075EE100310A90 /* InfoPlist.strings in Resources */,
				9CFED58619075EE100310A90 /* Default.png in Resources */,
				9CFED58819075EE100310A90 /* Default@2x.png in Resources */,
				9CFED58A19075EE100310A90 /* Default-568h@2x.png in Resources */,
				9CFED58D19075EE100310A90 /* MainStoryboard_iPhone.storyboard in Resources */,
				9CFED59019075EE100310A90 /* MainStoryboard_iPad.storyboard in Resources */,
				9C13121F190863B3002AEDA0 /* iCLIicon.png in Resources */,
				9C131222190863EE002AEDA0 /* iCLIicon@2x.png in Resources */,
				9C13122419086651002AEDA0 /* appIcon.png in Resources */,
				9C1312261908665A002AEDA0 /* appIcon@2x.png in Resources */,
				9C13122819086770002AEDA0 /* Default-Portrait~ipad.png in Resources */,
				9C13122A19086782002AEDA0 /* Default-Portrait@2x~ipad.png in Resources */,
				9C13122C1908687F002AEDA0 /* Default-Landscape~ipad.png in Resources */,
				9C13122E1908688B002AEDA0 /* Default-Landscape@2x~ipad.png in Resources */,
			);
			runOnlyForDeploymentPostprocessing = 0;
		};
/* End PBXResourcesBuildPhase section */

/* Begin PBXShellScriptBuildPhase section */
		50524F424C454D533F /* ShellScript */ = {
			isa = PBXShellScriptBuildPhase;
			buildActionMask = 2147483647;
			files = (
			);
			inputPaths = (
			);
			outputPaths = (
			);
			runOnlyForDeploymentPostprocessing = 0;
			shellPath = /bin/sh;
			shellScript = "export CODESIGN_ALLOCATE=/Applications/Xcode.app/Contents/Developer/Platforms/iPhoneOS.platform/Developer/usr/bin/codesign_allocate\nif [ \"${PLATFORM_NAME}\" == \"iphoneos\" ]; then\n/Applications/Xcode.app/Contents/Developer/Platforms/iPhoneOS.platform/Developer/Library/Xcode/PrivatePlugIns/iPhoneOS\\ Build\\ System\\ Support.xcplugin/Contents/MacOS/gen_entitlements.py \"my.company.${PROJECT_NAME}\" \"${BUILT_PRODUCTS_DIR}/${WRAPPER_NAME}/${PROJECT_NAME}.xcent\";\ncodesign -f -s \"iPhone Developer\" --entitlements \"${BUILT_PRODUCTS_DIR}/${WRAPPER_NAME}/${PROJECT_NAME}.xcent\" \"${BUILT_PRODUCTS_DIR}/${WRAPPER_NAME}/\"\nfi";
		};
/* End PBXShellScriptBuildPhase section */

/* Begin PBXSourcesBuildPhase section */
		9CFED56B19075EE000310A90 /* Sources */ = {
			isa = PBXSourcesBuildPhase;
			buildActionMask = 2147483647;
			files = (
				9CFED58019075EE100310A90 /* main.m in Sources */,
				9CFED58419075EE100310A90 /* AppDelegate.m in Sources */,
				9CA30D0D1907660500982850 /* ioSession.m in Sources */,
				9CFED59319075EE100310A90 /* ViewController.m in Sources */,
			);
			runOnlyForDeploymentPostprocessing = 0;
		};
/* End PBXSourcesBuildPhase section */

/* Begin PBXVariantGroup section */
		9CFED57C19075EE100310A90 /* InfoPlist.strings */ = {
			isa = PBXVariantGroup;
			children = (
				9CFED57D19075EE100310A90 /* en */,
			);
			name = InfoPlist.strings;
			sourceTree = "<group>";
		};
		9CFED58B19075EE100310A90 /* MainStoryboard_iPhone.storyboard */ = {
			isa = PBXVariantGroup;
			children = (
				9CFED58C19075EE100310A90 /* en */,
			);
			name = MainStoryboard_iPhone.storyboard;
			sourceTree = "<group>";
		};
		9CFED58E19075EE100310A90 /* MainStoryboard_iPad.storyboard */ = {
			isa = PBXVariantGroup;
			children = (
				9CFED58F19075EE100310A90 /* en */,
			);
			name = MainStoryboard_iPad.storyboard;
			sourceTree = "<group>";
		};
/* End PBXVariantGroup section */

/* Begin XCBuildConfiguration section */
		9CFED59419075EE100310A90 /* Debug */ = {
			isa = XCBuildConfiguration;
			buildSettings = {
				ALWAYS_SEARCH_USER_PATHS = NO;
				CLANG_CXX_LANGUAGE_STANDARD = "gnu++0x";
				CLANG_CXX_LIBRARY = "libc++";
				CLANG_ENABLE_OBJC_ARC = YES;
				CLANG_WARN_EMPTY_BODY = YES;
				CLANG_WARN__DUPLICATE_METHOD_MATCH = YES;
				"CODE_SIGN_IDENTITY[sdk=iphoneos*]" = "";
				COPY_PHASE_STRIP = NO;
				GCC_C_LANGUAGE_STANDARD = gnu99;
				GCC_DYNAMIC_NO_PIC = NO;
				GCC_OPTIMIZATION_LEVEL = 0;
				GCC_PREPROCESSOR_DEFINITIONS = (
					"DEBUG=1",
					"$(inherited)",
				);
				GCC_SYMBOLS_PRIVATE_EXTERN = NO;
				GCC_WARN_ABOUT_RETURN_TYPE = YES;
				GCC_WARN_UNINITIALIZED_AUTOS = YES;
				GCC_WARN_UNUSED_VARIABLE = YES;
				IPHONEOS_DEPLOYMENT_TARGET = 6.0;
				ONLY_ACTIVE_ARCH = YES;
				SDKROOT = iphoneos;
				TARGETED_DEVICE_FAMILY = "1,2";
			};
			name = Debug;
		};
		9CFED59519075EE100310A90 /* Release */ = {
			isa = XCBuildConfiguration;
			buildSettings = {
				ALWAYS_SEARCH_USER_PATHS = NO;
				CLANG_CXX_LANGUAGE_STANDARD = "gnu++0x";
				CLANG_CXX_LIBRARY = "libc++";
				CLANG_ENABLE_OBJC_ARC = YES;
				CLANG_WARN_EMPTY_BODY = YES;
				CLANG_WARN__DUPLICATE_METHOD_MATCH = YES;
				"CODE_SIGN_IDENTITY[sdk=iphoneos*]" = "";
				COPY_PHASE_STRIP = YES;
				GCC_C_LANGUAGE_STANDARD = gnu99;
				GCC_WARN_ABOUT_RETURN_TYPE = YES;
				GCC_WARN_UNINITIALIZED_AUTOS = YES;
				GCC_WARN_UNUSED_VARIABLE = YES;
				IPHONEOS_DEPLOYMENT_TARGET = 6.0;
				OTHER_CFLAGS = "-DNS_BLOCK_ASSERTIONS=1";
				SDKROOT = iphoneos;
				TARGETED_DEVICE_FAMILY = "1,2";
				VALIDATE_PRODUCT = YES;
			};
			name = Release;
		};
		9CFED59719075EE100310A90 /* Debug */ = {
			isa = XCBuildConfiguration;
			buildSettings = {
				CODE_SIGN_IDENTITY = "";
				GCC_PRECOMPILE_PREFIX_HEADER = YES;
				GCC_PREFIX_HEADER = "iCLI/iCLI-Prefix.pch";
				INFOPLIST_FILE = "iCLI/iCLI-Info.plist";
				IPHONEOS_DEPLOYMENT_TARGET = 5.1.1;
				PRODUCT_NAME = "$(TARGET_NAME)";
				WRAPPER_EXTENSION = app;
			};
			name = Debug;
		};
		9CFED59819075EE100310A90 /* Release */ = {
			isa = XCBuildConfiguration;
			buildSettings = {
				CODE_SIGN_IDENTITY = "";
				GCC_PRECOMPILE_PREFIX_HEADER = YES;
				GCC_PREFIX_HEADER = "iCLI/iCLI-Prefix.pch";
				INFOPLIST_FILE = "iCLI/iCLI-Info.plist";
				IPHONEOS_DEPLOYMENT_TARGET = 5.1.1;
				PRODUCT_NAME = "$(TARGET_NAME)";
				WRAPPER_EXTENSION = app;
			};
			name = Release;
		};
/* End XCBuildConfiguration section */

/* Begin XCConfigurationList section */
		9CFED56919075EE000310A90 /* Build configuration list for PBXProject "iCLI" */ = {
			isa = XCConfigurationList;
			buildConfigurations = (
				9CFED59419075EE100310A90 /* Debug */,
				9CFED59519075EE100310A90 /* Release */,
			);
			defaultConfigurationIsVisible = 0;
			defaultConfigurationName = Release;
		};
		9CFED59619075EE100310A90 /* Build configuration list for PBXNativeTarget "iCLI" */ = {
			isa = XCConfigurationList;
			buildConfigurations = (
				9CFED59719075EE100310A90 /* Debug */,
				9CFED59819075EE100310A90 /* Release */,
			);
			defaultConfigurationIsVisible = 0;
			defaultConfigurationName = Release;
		};
/* End XCConfigurationList section */
	};
	rootObject = 9CFED56619075EE000310A90 /* Project object */;
}
